
Microsoft Visual Studio Solution File, Format Version 12.00
# Visual Studio Version 17
VisualStudioVersion = 17.0.31903.59
MinimumVisualStudioVersion = 10.0.40219.1
Project("{FAE04EC0-301F-11D3-BF4B-00C04F79EFBC}") = "Server", "Server\Server.csproj", "{2C9A14E0-196D-4BC8-88DE-1080ED61C9D3}"
EndProject
Project("{FAE04EC0-301F-11D3-BF4B-00C04F79EFBC}") = "Client", "Client\Client.csproj", "{554B452D-A859-4E71-B1DE-4B0CFE2D6E8F}"
EndProject
Project("{FAE04EC0-301F-11D3-BF4B-00C04F79EFBC}") = "SimpleFTP.Tests", "SimpleFTP.Tests\SimpleFTP.Tests.csproj", "{83CC074F-4F83-46D5-831A-CDDBEA1C41C0}"
EndProject
Global
	GlobalSection(SolutionConfigurationPlatforms) = preSolution
		Debug|Any CPU = Debug|Any CPU
		Release|Any CPU = Release|Any CPU
	EndGlobalSection
	GlobalSection(SolutionProperties) = preSolution
		HideSolutionNode = FALSE
	EndGlobalSection
	GlobalSection(ProjectConfigurationPlatforms) = postSolution
		{2C9A14E0-196D-4BC8-88DE-1080ED61C9D3}.Debug|Any CPU.ActiveCfg = Debug|Any CPU
		{2C9A14E0-196D-4BC8-88DE-1080ED61C9D3}.Debug|Any CPU.Build.0 = Debug|Any CPU
		{2C9A14E0-196D-4BC8-88DE-1080ED61C9D3}.Release|Any CPU.ActiveCfg = Release|Any CPU
		{2C9A14E0-196D-4BC8-88DE-1080ED61C9D3}.Release|Any CPU.Build.0 = Release|Any CPU
		{554B452D-A859-4E71-B1DE-4B0CFE2D6E8F}.Debug|Any CPU.ActiveCfg = Debug|Any CPU
		{554B452D-A859-4E71-B1DE-4B0CFE2D6E8F}.Debug|Any CPU.Build.0 = Debug|Any CPU
		{554B452D-A859-4E71-B1DE-4B0CFE2D6E8F}.Release|Any CPU.ActiveCfg = Release|Any CPU
		{554B452D-A859-4E71-B1DE-4B0CFE2D6E8F}.Release|Any CPU.Build.0 = Release|Any CPU
		{83CC074F-4F83-46D5-831A-CDDBEA1C41C0}.Debug|Any CPU.ActiveCfg = Debug|Any CPU
		{83CC074F-4F83-46D5-831A-CDDBEA1C41C0}.Debug|Any CPU.Build.0 = Debug|Any CPU
		{83CC074F-4F83-46D5-831A-CDDBEA1C41C0}.Release|Any CPU.ActiveCfg = Release|Any CPU
		{83CC074F-4F83-46D5-831A-CDDBEA1C41C0}.Release|Any CPU.Build.0 = Release|Any CPU
	EndGlobalSection
EndGlobal
